
Microsoft Visual Studio Solution File, Format Version 12.00
# Visual Studio Version 16
VisualStudioVersion = 16.0.31729.503
MinimumVisualStudioVersion = 10.0.40219.1
Project("{FAE04EC0-301F-11D3-BF4B-00C04F79EFBC}") = "Do_An_QLCauLacBo", "Do_An_QLCauLacBo\Do_An_QLCauLacBo.csproj", "{8E956483-B88D-49B0-A721-D8385F27BC82}"
EndProject
Global
	GlobalSection(SolutionConfigurationPlatforms) = preSolution
		Debug|Any CPU = Debug|Any CPU
		Release|Any CPU = Release|Any CPU
	EndGlobalSection
	GlobalSection(ProjectConfigurationPlatforms) = postSolution
		{8E956483-B88D-49B0-A721-D8385F27BC82}.Debug|Any CPU.ActiveCfg = Debug|Any CPU
		{8E956483-B88D-49B0-A721-D8385F27BC82}.Debug|Any CPU.Build.0 = Debug|Any CPU
		{8E956483-B88D-49B0-A721-D8385F27BC82}.Release|Any CPU.ActiveCfg = Release|Any CPU
		{8E956483-B88D-49B0-A721-D8385F27BC82}.Release|Any CPU.Build.0 = Release|Any CPU
	EndGlobalSection
	GlobalSection(SolutionProperties) = preSolution
		HideSolutionNode = FALSE
	EndGlobalSection
	GlobalSection(ExtensibilityGlobals) = postSolution
		SolutionGuid = {BE87BC06-5170-4D3E-8FE4-1BE50E0E7976}
	EndGlobalSection
EndGlobal
